
Microsoft Visual Studio Solution File, Format Version 12.00
# Visual Studio 15
VisualStudioVersion = 15.0.28010.2048
MinimumVisualStudioVersion = 10.0.40219.1
Project("{FAE04EC0-301F-11D3-BF4B-00C04F79EFBC}") = "Ejercicio", "Ejercicio\Ejercicio.csproj", "{DDE654AF-9CD5-4BA9-9F5F-4B75F855754F}"
EndProject
Global
	GlobalSection(SolutionConfigurationPlatforms) = preSolution
		Debug|Any CPU = Debug|Any CPU
		Release|Any CPU = Release|Any CPU
	EndGlobalSection
	GlobalSection(ProjectConfigurationPlatforms) = postSolution
		{DDE654AF-9CD5-4BA9-9F5F-4B75F855754F}.Debug|Any CPU.ActiveCfg = Debug|Any CPU
		{DDE654AF-9CD5-4BA9-9F5F-4B75F855754F}.Debug|Any CPU.Build.0 = Debug|Any CPU
		{DDE654AF-9CD5-4BA9-9F5F-4B75F855754F}.Release|Any CPU.ActiveCfg = Release|Any CPU
		{DDE654AF-9CD5-4BA9-9F5F-4B75F855754F}.Release|Any CPU.Build.0 = Release|Any CPU
	EndGlobalSection
	GlobalSection(SolutionProperties) = preSolution
		HideSolutionNode = FALSE
	EndGlobalSection
	GlobalSection(ExtensibilityGlobals) = postSolution
		SolutionGuid = {16896369-851B-4A1B-98FF-8726862BB0C3}
	EndGlobalSection
EndGlobal
